
Microsoft Visual Studio Solution File, Format Version 12.00
# Visual Studio Version 16
VisualStudioVersion = 16.0.30717.126
MinimumVisualStudioVersion = 10.0.40219.1
Project("{FAE04EC0-301F-11D3-BF4B-00C04F79EFBC}") = "GerenciadorCondominio", "GerenciadorCondominio\GerenciadorCondominio.csproj", "{5685F3E9-F9D2-44B4-8BEE-8240AFEB498F}"
EndProject
Project("{FAE04EC0-301F-11D3-BF4B-00C04F79EFBC}") = "GerenciadorCondominios.Domain", "GerenciadorCondominios.Domain\GerenciadorCondominios.Domain.csproj", "{AC5886F0-CB9D-47C2-89B4-6FB620C1F5FE}"
EndProject
Project("{FAE04EC0-301F-11D3-BF4B-00C04F79EFBC}") = "GerenciadorCondominios.Repository", "GerenciadorCondominios.Repository\GerenciadorCondominios.Repository.csproj", "{6255141F-E151-4D43-85FD-5179BB75E437}"
EndProject
Global
	GlobalSection(SolutionConfigurationPlatforms) = preSolution
		Debug|Any CPU = Debug|Any CPU
		Release|Any CPU = Release|Any CPU
	EndGlobalSection
	GlobalSection(ProjectConfigurationPlatforms) = postSolution
		{5685F3E9-F9D2-44B4-8BEE-8240AFEB498F}.Debug|Any CPU.ActiveCfg = Debug|Any CPU
		{5685F3E9-F9D2-44B4-8BEE-8240AFEB498F}.Debug|Any CPU.Build.0 = Debug|Any CPU
		{5685F3E9-F9D2-44B4-8BEE-8240AFEB498F}.Release|Any CPU.ActiveCfg = Release|Any CPU
		{5685F3E9-F9D2-44B4-8BEE-8240AFEB498F}.Release|Any CPU.Build.0 = Release|Any CPU
		{AC5886F0-CB9D-47C2-89B4-6FB620C1F5FE}.Debug|Any CPU.ActiveCfg = Debug|Any CPU
		{AC5886F0-CB9D-47C2-89B4-6FB620C1F5FE}.Debug|Any CPU.Build.0 = Debug|Any CPU
		{AC5886F0-CB9D-47C2-89B4-6FB620C1F5FE}.Release|Any CPU.ActiveCfg = Release|Any CPU
		{AC5886F0-CB9D-47C2-89B4-6FB620C1F5FE}.Release|Any CPU.Build.0 = Release|Any CPU
		{6255141F-E151-4D43-85FD-5179BB75E437}.Debug|Any CPU.ActiveCfg = Debug|Any CPU
		{6255141F-E151-4D43-85FD-5179BB75E437}.Debug|Any CPU.Build.0 = Debug|Any CPU
		{6255141F-E151-4D43-85FD-5179BB75E437}.Release|Any CPU.ActiveCfg = Release|Any CPU
		{6255141F-E151-4D43-85FD-5179BB75E437}.Release|Any CPU.Build.0 = Release|Any CPU
	EndGlobalSection
	GlobalSection(SolutionProperties) = preSolution
		HideSolutionNode = FALSE
	EndGlobalSection
	GlobalSection(ExtensibilityGlobals) = postSolution
		SolutionGuid = {B393AC84-95E2-4047-86B3-0182E295D45E}
	EndGlobalSection
EndGlobal
